# @generated - this file is auto-generated by `mise lock` https://mise.jdx.dev/dev-tools/mise-lock.html

lockfile_version = 3

[[tools.cosign]]
version = "3.1.3"
backend = "aqua:sigstore/cosign"
specifiers = ["latest"]

[tools.cosign."platforms.linux-arm64"]
checksum = "sha256:c5d324e091826b0d7a78eb16fef316450b4eb9aaec045611c08ba06f5e73220a"
url = "https://github.com/sigstore/cosign/releases/download/v3.1.3/cosign-linux-arm64"
url_api = "https://api.github.com/repos/sigstore/cosign/releases/assets/503286299"
provenance = "cosign"

[tools.cosign."platforms.linux-arm64-musl"]
checksum = "sha256:c5d324e091826b0d7a78eb16fef316450b4eb9aaec045611c08ba06f5e73220a"
url = "https://github.com/sigstore/cosign/releases/download/v3.1.3/cosign-linux-arm64"
url_api = "https://api.github.com/repos/sigstore/cosign/releases/assets/503286299"
provenance = "cosign"

[tools.cosign."platforms.linux-x64"]
checksum = "sha256:4629c757b7618056f8ddd7e2625ae9fdd94c0372a65049520bc7d9df9efc7f71"
url = "https://github.com/sigstore/cosign/releases/download/v3.1.3/cosign-linux-amd64"
url_api = "https://api.github.com/repos/sigstore/cosign/releases/assets/503286005"
provenance = "cosign"

[tools.cosign."platforms.linux-x64-musl"]
checksum = "sha256:4629c757b7618056f8ddd7e2625ae9fdd94c0372a65049520bc7d9df9efc7f71"
url = "https://github.com/sigstore/cosign/releases/download/v3.1.3/cosign-linux-amd64"
url_api = "https://api.github.com/repos/sigstore/cosign/releases/assets/503286005"
provenance = "cosign"

[tools.cosign."platforms.macos-arm64"]
checksum = "sha256:5cf948c2f4dfe59687bdd0b8523709067383e03982cc543475c8a7dc70e92a76"
url = "https://github.com/sigstore/cosign/releases/download/v3.1.3/cosign-darwin-arm64"
url_api = "https://api.github.com/repos/sigstore/cosign/releases/assets/503286205"
provenance = "cosign"

[tools.cosign."platforms.macos-x64"]
checksum = "sha256:2347488e5d5b25336644024dfeca5601b190e91197a71a917bda44744aff106c"
url = "https://github.com/sigstore/cosign/releases/download/v3.1.3/cosign-darwin-amd64"
url_api = "https://api.github.com/repos/sigstore/cosign/releases/assets/503286177"
provenance = "cosign"

[tools.cosign."platforms.windows-x64"]
checksum = "sha256:9fe59be0eca1271873ce019061335eb1ac419b7059202e797828467ddabe33be"
url = "https://github.com/sigstore/cosign/releases/download/v3.1.3/cosign-windows-amd64.exe"
url_api = "https://api.github.com/repos/sigstore/cosign/releases/assets/503286236"
provenance = "cosign"

[[tools."github:axnic/rtunk"]]
version = "0.16.0"
backend = "github:axnic/rtunk"
specifiers = ["latest"]

[tools."github:axnic/rtunk"."platforms.linux-arm64"]
checksum = "sha256:154d198ac52b71b7df866835006bb26213f8a733cc7d064a1e0dff7c2dd636ad"
url = "https://github.com/axnic/rtunk/releases/download/v0.16.0/rtunk-v0.16.0-linux-arm64.tar.gz"
url_api = "https://api.github.com/repos/axnic/rtunk/releases/assets/606613834"
provenance = "github-attestations"

[tools."github:axnic/rtunk"."platforms.linux-arm64-musl"]
checksum = "sha256:154d198ac52b71b7df866835006bb26213f8a733cc7d064a1e0dff7c2dd636ad"
url = "https://github.com/axnic/rtunk/releases/download/v0.16.0/rtunk-v0.16.0-linux-arm64.tar.gz"
url_api = "https://api.github.com/repos/axnic/rtunk/releases/assets/606613834"
provenance = "github-attestations"

[tools."github:axnic/rtunk"."platforms.linux-x64"]
checksum = "sha256:f0a78e0745ad5cfe567ca2bb1f0015efeb25b701dc3a0f21476bd4aef47f83d5"
url = "https://github.com/axnic/rtunk/releases/download/v0.16.0/rtunk-v0.16.0-linux-amd64.tar.gz"
url_api = "https://api.github.com/repos/axnic/rtunk/releases/assets/606613828"
provenance = "github-attestations"

[tools."github:axnic/rtunk"."platforms.linux-x64-musl"]
checksum = "sha256:f0a78e0745ad5cfe567ca2bb1f0015efeb25b701dc3a0f21476bd4aef47f83d5"
url = "https://github.com/axnic/rtunk/releases/download/v0.16.0/rtunk-v0.16.0-linux-amd64.tar.gz"
url_api = "https://api.github.com/repos/axnic/rtunk/releases/assets/606613828"
provenance = "github-attestations"

[tools."github:axnic/rtunk"."platforms.macos-arm64"]
checksum = "sha256:4c82045a7683df4faefc03e2b411ad4b4bc3d9ca817d51b3faadc0536c0b693d"
url = "https://github.com/axnic/rtunk/releases/download/v0.16.0/rtunk-v0.16.0-darwin-arm64.tar.gz"
url_api = "https://api.github.com/repos/axnic/rtunk/releases/assets/606613832"
provenance = "github-attestations"

[tools."github:axnic/rtunk"."platforms.macos-x64"]
checksum = "sha256:18aa78d83fe8e4fc40a6f677929580a8209f23833ca0b53cef83de53b912b67d"
url = "https://github.com/axnic/rtunk/releases/download/v0.16.0/rtunk-v0.16.0-darwin-amd64.tar.gz"
url_api = "https://api.github.com/repos/axnic/rtunk/releases/assets/606613827"
provenance = "github-attestations"

[[tools.go]]
version = "1.27.1"
backend = "core:go"
specifiers = ["latest"]

[tools.go."platforms.linux-arm64"]
checksum = "sha256:3450b45a3f9ee8568792736a5c5e70a1f2e9b36c35a8f74958c03e51d7d92bec"
url = "https://dl.google.com/go/go1.27.1.linux-arm64.tar.gz"

[tools.go."platforms.linux-arm64-musl"]
checksum = "sha256:3450b45a3f9ee8568792736a5c5e70a1f2e9b36c35a8f74958c03e51d7d92bec"
url = "https://dl.google.com/go/go1.27.1.linux-arm64.tar.gz"

[tools.go."platforms.linux-x64"]
checksum = "sha256:63d339f0da5ab53635a56f2490a7984dfe12dfcff22ad749f63edaf590168445"
url = "https://dl.google.com/go/go1.27.1.linux-amd64.tar.gz"

[tools.go."platforms.linux-x64-musl"]
checksum = "sha256:63d339f0da5ab53635a56f2490a7984dfe12dfcff22ad749f63edaf590168445"
url = "https://dl.google.com/go/go1.27.1.linux-amd64.tar.gz"

[tools.go."platforms.macos-arm64"]
checksum = "sha256:ee215d57e0ec269c60cc9ceca68e6bda321ba9ee5afe24f4b0988703c2d87d12"
url = "https://dl.google.com/go/go1.27.1.darwin-arm64.tar.gz"

[tools.go."platforms.macos-x64"]
checksum = "sha256:8f8f52c6649542cf027bbc9b9c68d1ec042f9f34808a40413f0b8b3f66f3caa4"
url = "https://dl.google.com/go/go1.27.1.darwin-amd64.tar.gz"

[tools.go."platforms.windows-x64"]
checksum = "sha256:a3911b5e0e1b1053f25ed0675f4c1c6aad1e2bfcf253df2b9be4caabd2edd95d"
url = "https://dl.google.com/go/go1.27.1.windows-amd64.zip"

[[tools."go:golang.org/x/tools/gopls"]]
version = "0.23.0"
backend = "go:golang.org/x/tools/gopls"
specifiers = ["latest"]

[[tools."go:golang.org/x/vuln/cmd/govulncheck"]]
version = "1.8.0"
backend = "go:golang.org/x/vuln/cmd/govulncheck"
specifiers = ["latest"]

[[tools.goreleaser]]
version = "2.18.2"
backend = "aqua:goreleaser/goreleaser"
specifiers = ["latest"]

[tools.goreleaser."platforms.linux-arm64"]
checksum = "sha256:a71681b29194f08f057a68cfcaa5c6b15d907a83a2622c51900c4faff828f322"
url = "https://github.com/goreleaser/goreleaser/releases/download/v2.18.2/goreleaser_Linux_arm64.tar.gz"
url_api = "https://api.github.com/repos/goreleaser/goreleaser/releases/assets/569382435"
provenance = "github-attestations"

[tools.goreleaser."platforms.linux-arm64-musl"]
checksum = "sha256:a71681b29194f08f057a68cfcaa5c6b15d907a83a2622c51900c4faff828f322"
url = "https://github.com/goreleaser/goreleaser/releases/download/v2.18.2/goreleaser_Linux_arm64.tar.gz"
url_api = "https://api.github.com/repos/goreleaser/goreleaser/releases/assets/569382435"
provenance = "github-attestations"

[tools.goreleaser."platforms.linux-x64"]
checksum = "sha256:0a96edc9d9bc594e4a41cc4d59467c182062910ab24d9d1f6dd7b667d32606d3"
url = "https://github.com/goreleaser/goreleaser/releases/download/v2.18.2/goreleaser_Linux_x86_64.tar.gz"
url_api = "https://api.github.com/repos/goreleaser/goreleaser/releases/assets/569382334"
provenance = "github-attestations"

[tools.goreleaser."platforms.linux-x64-musl"]
checksum = "sha256:0a96edc9d9bc594e4a41cc4d59467c182062910ab24d9d1f6dd7b667d32606d3"
url = "https://github.com/goreleaser/goreleaser/releases/download/v2.18.2/goreleaser_Linux_x86_64.tar.gz"
url_api = "https://api.github.com/repos/goreleaser/goreleaser/releases/assets/569382334"
provenance = "github-attestations"

[tools.goreleaser."platforms.macos-arm64"]
checksum = "sha256:4bfd26942aa0f78e275cad3e49144a7c5ce2e8a34f7d0e9d34c718125766ba12"
url = "https://github.com/goreleaser/goreleaser/releases/download/v2.18.2/goreleaser_Darwin_all.tar.gz"
url_api = "https://api.github.com/repos/goreleaser/goreleaser/releases/assets/569382437"
provenance = "github-attestations"

[tools.goreleaser."platforms.macos-x64"]
checksum = "sha256:4bfd26942aa0f78e275cad3e49144a7c5ce2e8a34f7d0e9d34c718125766ba12"
url = "https://github.com/goreleaser/goreleaser/releases/download/v2.18.2/goreleaser_Darwin_all.tar.gz"
url_api = "https://api.github.com/repos/goreleaser/goreleaser/releases/assets/569382437"
provenance = "github-attestations"

[tools.goreleaser."platforms.windows-x64"]
checksum = "sha256:de61a8e7a064abb14210b16c942facd299643d83341c5cd293f19155a7c8b95f"
url = "https://github.com/goreleaser/goreleaser/releases/download/v2.18.2/goreleaser_Windows_x86_64.zip"
url_api = "https://api.github.com/repos/goreleaser/goreleaser/releases/assets/569382470"
provenance = "github-attestations"

[[tools.node]]
version = "24.21.0"
backend = "core:node"
specifiers = ["lts"]

[tools.node."platforms.linux-arm64"]
checksum = "sha256:724282c3b43aec998aa9527380465b45d229e021b58035f5f4f63095eabfe5d5"
url = "https://nodejs.org/dist/v24.21.0/node-v24.21.0-linux-arm64.tar.gz"

[tools.node."platforms.linux-arm64-musl"]
checksum = "sha256:3048b0811e158ca0d8672b59c839861763e144492980d8d29b369dfee45747e4"
url = "https://unofficial-builds.nodejs.org/download/release/v24.21.0/node-v24.21.0-linux-arm64-musl.tar.gz"

[tools.node."platforms.linux-x64"]
checksum = "sha256:6e1db87ef58b8819e5d5402eff1536491b18edd8eb7bee5ef7897876e88dc5ff"
url = "https://nodejs.org/dist/v24.21.0/node-v24.21.0-linux-x64.tar.gz"

[tools.node."platforms.linux-x64-musl"]
checksum = "sha256:01a713e34da98e7b4d2a3191ee7ca3f93dd0384d1a2ef23c379b2161ee6e133a"
url = "https://unofficial-builds.nodejs.org/download/release/v24.21.0/node-v24.21.0-linux-x64-musl.tar.gz"

[tools.node."platforms.macos-arm64"]
checksum = "sha256:bed7eea5325e1108f32ce5228ddd6a5f0f08a499ee42aa7442aea583702f6057"
url = "https://nodejs.org/dist/v24.21.0/node-v24.21.0-darwin-arm64.tar.gz"

[tools.node."platforms.macos-x64"]
checksum = "sha256:1462cb3b3046b815cf8ea436d3da450ec1a9f11dac7e5a46b0ada5305d7e8097"
url = "https://nodejs.org/dist/v24.21.0/node-v24.21.0-darwin-x64.tar.gz"

[tools.node."platforms.windows-x64"]
checksum = "sha256:158f7685b44de51f6c0df1d153526cbcd3e1bc739a8dfc607721cef75de9e541"
url = "https://nodejs.org/dist/v24.21.0/node-v24.21.0-win-x64.zip"

[[tools."npm:@commitlint/cli"]]
version = "21.2.3"
aube = { path = ".mise/locks/npm-commitlint-cli/21.2.3", digest = "sha256:7649878a4ad6dc7c20208c324f65d673efc2c7b955f02489f36d70808e668cae" }
backend = "npm:@commitlint/cli"
specifiers = ["latest"]

[[tools.syft]]
version = "1.54.0"
backend = "aqua:anchore/syft"
specifiers = ["latest"]

[tools.syft."platforms.linux-arm64"]
checksum = "sha256:ee6d4566373a05b344bc6b5f1706f14419bf9338ba39ff686e247deefe9b8818"
url = "https://github.com/anchore/syft/releases/download/v1.54.0/syft_1.54.0_linux_arm64.tar.gz"
url_api = "https://api.github.com/repos/anchore/syft/releases/assets/604117598"

[tools.syft."platforms.linux-arm64-musl"]
checksum = "sha256:ee6d4566373a05b344bc6b5f1706f14419bf9338ba39ff686e247deefe9b8818"
url = "https://github.com/anchore/syft/releases/download/v1.54.0/syft_1.54.0_linux_arm64.tar.gz"
url_api = "https://api.github.com/repos/anchore/syft/releases/assets/604117598"

[tools.syft."platforms.linux-x64"]
checksum = "sha256:54a87372498168b2d033e876fd41fa4e8035b872699e525a57046e1f2f09c860"
url = "https://github.com/anchore/syft/releases/download/v1.54.0/syft_1.54.0_linux_amd64.tar.gz"
url_api = "https://api.github.com/repos/anchore/syft/releases/assets/604117627"

[tools.syft."platforms.linux-x64-musl"]
checksum = "sha256:54a87372498168b2d033e876fd41fa4e8035b872699e525a57046e1f2f09c860"
url = "https://github.com/anchore/syft/releases/download/v1.54.0/syft_1.54.0_linux_amd64.tar.gz"
url_api = "https://api.github.com/repos/anchore/syft/releases/assets/604117627"

[tools.syft."platforms.macos-arm64"]
checksum = "sha256:7e0bdad94c569fc6d5785c9a657bbae3d4c4e140ccb5eace3d0b5b6bc2b6dbcf"
url = "https://github.com/anchore/syft/releases/download/v1.54.0/syft_1.54.0_darwin_arm64.tar.gz"
url_api = "https://api.github.com/repos/anchore/syft/releases/assets/604117599"

[tools.syft."platforms.macos-x64"]
checksum = "sha256:22b71725e388a4c0de385249c4bc1044f78a870f2894f34b43ba957e792145d7"
url = "https://github.com/anchore/syft/releases/download/v1.54.0/syft_1.54.0_darwin_amd64.tar.gz"
url_api = "https://api.github.com/repos/anchore/syft/releases/assets/604117610"

[tools.syft."platforms.windows-x64"]
checksum = "sha256:77f4b472779058e819eec9a054753a5071a996aaa40db31a290f8b256748593f"
url = "https://github.com/anchore/syft/releases/download/v1.54.0/syft_1.54.0_windows_amd64.zip"
url_api = "https://api.github.com/repos/anchore/syft/releases/assets/604117608"
